
Microsoft Visual Studio Solution File, Format Version 12.00
# Visual Studio Version 17
VisualStudioVersion = 17.14.36025.13 d17.14
MinimumVisualStudioVersion = 10.0.40219.1
Project("{FAE04EC0-301F-11D3-BF4B-00C04F79EFBC}") = "Assignment_FlightReservation", "Assignment_FlightReservation.csproj", "{9B118190-F240-482C-922B-10C0B8F82E45}"
EndProject
Global
	GlobalSection(SolutionConfigurationPlatforms) = preSolution
		Debug|Any CPU = Debug|Any CPU
		Release|Any CPU = Release|Any CPU
	EndGlobalSection
	GlobalSection(ProjectConfigurationPlatforms) = postSolution
		{9B118190-F240-482C-922B-10C0B8F82E45}.Debug|Any CPU.ActiveCfg = Debug|Any CPU
		{9B118190-F240-482C-922B-10C0B8F82E45}.Debug|Any CPU.Build.0 = Debug|Any CPU
		{9B118190-F240-482C-922B-10C0B8F82E45}.Release|Any CPU.ActiveCfg = Release|Any CPU
		{9B118190-F240-482C-922B-10C0B8F82E45}.Release|Any CPU.Build.0 = Release|Any CPU
	EndGlobalSection
	GlobalSection(SolutionProperties) = preSolution
		HideSolutionNode = FALSE
	EndGlobalSection
	GlobalSection(ExtensibilityGlobals) = postSolution
		SolutionGuid = {B0DBE137-6013-421E-8A60-F5D96FBD780B}
	EndGlobalSection
EndGlobal
